{
  "version": 4,
  "terraform_version": "1.9.7",
  "serial": 3,
  "lineage": "7b67c4c8-411c-40e1-9b0a-2b6e62fe0d0e",
  "outputs": {},
  "resources": [
    {
      "mode": "data",
      "type": "terraform_remote_state",
      "name": "infra",
      "provider": "provider[\"terraform.io/builtin/terraform\"]",
      "instances": [
        {
          "schema_version": 0,
          "attributes": {
            "backend": "local",
            "config": {
              "value": {
                "path": "../infra/terraform.tfstate"
              },
              "type": [
                "object",
                {
                  "path": "string"
                }
              ]
            },
            "defaults": null,
            "outputs": {
              "value": {
                "aws_region": "us-east-1",
                "cluster_ca_certificate": "LS0tLS1CRUdJTiBDRVJUSUZJQ0FURS0tLS0tCk1JSURCVENDQWUyZ0F3SUJBZ0lJRzcyYWhFL0VZUE13RFFZSktvWklodmNOQVFFTEJRQXdGVEVUTUJFR0ExVUUKQXhNS2EzVmlaWEp1WlhSbGN6QWVGdzB5TmpBeE1URXdOVEEwTVRaYUZ3MHpOakF4TURrd05UQTVNVFphTUJVeApFekFSQmdOVkJBTVRDbXQxWW1WeWJtVjBaWE13Z2dFaU1BMEdDU3FHU0liM0RRRUJBUVVBQTRJQkR3QXdnZ0VLCkFvSUJBUURmRmgrN2hURmRQd3ozeHVwaXFpNWxTb3VNWGtiRW81RFJ3UTFweExsNy90SklyS1c4Tm1qUU0vZVMKc1pFRDVydmE0VVNiWUFxWWp3SUNBdjgxcVJjTkJDQTNKUUp5NFpXc0RnejFSc2JmTDJRYnZnMFBadXZUSktBNgpyQzJxamxjaFYzbkQwclRKWmJhS29jcTB5U2pQemlTMVI0U0hyY20zdGpMM1hZRTFTZi9rM3lQQ0JZM2txTmVhCklPR1FsaUp2bjFheUZKTWUyc2ovOCtLSVNlWVlNcktLRW5ZaitwMis4LzhQcVMvd0RlblcxTUZmNE1WZVAyZFQKUXRCQm1Fb2NEVXlhSTdzOXJPRUNQQitXLzJjSTJWM0lEc2RkNTlMOGZEbkJSTlI1VVcyazQ5Z2NSaHdTa3JUZQpZVnpQYUgvYzZ3dElpMjdVOXZmYjVucVloTzZaQWdNQkFBR2pXVEJYTUE0R0ExVWREd0VCL3dRRUF3SUNwREFQCkJnTlZIUk1CQWY4RUJUQURBUUgvTUIwR0ExVWREZ1FXQkJTT1RwV3BjekNIQjVYRDVWTWwzZ28xaVgzamhEQVYKQmdOVkhSRUVEakFNZ2dwcmRXSmxjbTVsZEdWek1BMEdDU3FHU0liM0RRRUJDd1VBQTRJQkFRQ1lETHJvOTJaZQpKdFRVUndYVkhhMjJ4Z1Vxc3NtTmJBQUxWcjA3alNBNVRWbSs2U3V4c0NwSlEvQlRudE02V08xdkQwV3NSWU5KCjl4U0lEQXp0UUJSUUZjK3F6dzBySnY2MzRtRXJmcVVHd0xoc2sra29hVHFHNjRMMXY5WUNrbnNlOG0yZ1JwN3MKOXNCK2tNTml4cC9DV3hzTm1Od042blB6R1VjRndid1p6bVVmeGcrOGJwMW1FTCt0WnBxUnRWN2dXSzN6dXowKwptUGJ6NlBhN0diS0h2ckQ0VGlhSTMxRHU1Z1pCbDhXbG8yakdEVnEzWElaNjZEeEF4ekI4Q0kzSzZiZkF5YUI1CmE1eHptL1o2NVg1K09tSjJlVW1RaW53OFB2YTBnY2FVaTdKRU1wTndoYUxjUVp0Z1NMWFlvZU1URWxlY1EvRUMKbVhKSzMwWG1vZFluCi0tLS0tRU5EIENFUlRJRklDQVRFLS0tLS0K",
                "cluster_endpoint": "https://3C6D8AFBD0B84EC67D47BC19FEE24C33.yl4.us-east-1.eks.amazonaws.com",
                "cluster_name": "eks-karpenter-demo",
                "karpenter_iam_role_arn": "arn:aws:iam::840489313276:role/eks-karpenter-demo-karpenter-controller",
                "karpenter_instance_profile_name": "karpenter-node-eks-karpenter-demo",
                "karpenter_interruption_queue_arn": "arn:aws:sqs:us-east-1:840489313276:karpenter-eks-karpenter-demo",
                "karpenter_interruption_queue_name": "karpenter-eks-karpenter-demo",
                "karpenter_node_role_arn": "arn:aws:iam::840489313276:role/karpenter-node-eks-karpenter-demo",
                "private_subnet_ids": [
                  "subnet-0c0c36043c58abdf3",
                  "subnet-0c64de1404831f0dc"
                ],
                "public_subnet_ids": [
                  "subnet-0942c8f9017858c86",
                  "subnet-04c7decb12e5e70bd"
                ]
              },
              "type": [
                "object",
                {
                  "aws_region": "string",
                  "cluster_ca_certificate": "string",
                  "cluster_endpoint": "string",
                  "cluster_name": "string",
                  "karpenter_iam_role_arn": "string",
                  "karpenter_instance_profile_name": "string",
                  "karpenter_interruption_queue_arn": "string",
                  "karpenter_interruption_queue_name": "string",
                  "karpenter_node_role_arn": "string",
                  "private_subnet_ids": [
                    "tuple",
                    [
                      "string",
                      "string"
                    ]
                  ],
                  "public_subnet_ids": [
                    "tuple",
                    [
                      "string",
                      "string"
                    ]
                  ]
                }
              ]
            },
            "workspace": null
          },
          "sensitive_attributes": []
        }
      ]
    },
    {
      "mode": "managed",
      "type": "helm_release",
      "name": "argocd",
      "provider": "provider[\"registry.terraform.io/hashicorp/helm\"]",
      "instances": [
        {
          "schema_version": 1,
          "attributes": {
            "atomic": false,
            "chart": "argo-cd",
            "cleanup_on_fail": false,
            "create_namespace": true,
            "dependency_update": true,
            "description": null,
            "devel": null,
            "disable_crd_hooks": false,
            "disable_openapi_validation": false,
            "disable_webhooks": false,
            "force_update": false,
            "id": "argocd",
            "keyring": null,
            "lint": false,
            "manifest": null,
            "max_history": 0,
            "metadata": [
              {
                "app_version": "v3.2.3",
                "chart": "argo-cd",
                "first_deployed": 1768142971,
                "last_deployed": 1768142971,
                "name": "argocd",
                "namespace": "argocd",
                "notes": "\nIn order to access the server UI you have the following options:\n\n1. kubectl port-forward service/argocd-server -n argocd 8080:443\n\n    and then open the browser on http://localhost:8080 and accept the certificate\n\n2. enable ingress in the values file `server.ingress.enabled` and either\n      - Add the annotation for ssl passthrough: https://argo-cd.readthedocs.io/en/stable/operator-manual/ingress/#option-1-ssl-passthrough\n      - Set the `configs.params.\"server.insecure\"` in the values file and terminate SSL at your ingress: https://argo-cd.readthedocs.io/en/stable/operator-manual/ingress/#option-2-multiple-ingress-objects-and-hosts\n\n\nAfter reaching the UI the first time you can login with username: admin and the random password generated during the installation. You can find the password by running:\n\nkubectl -n argocd get secret argocd-initial-admin-secret -o jsonpath=\"{.data.password}\" | base64 -d\n\n(You should delete the initial secret afterwards as suggested by the Getting Started Guide: https://argo-cd.readthedocs.io/en/stable/getting_started/#4-login-using-the-cli)\n",
                "revision": 1,
                "values": "{\"configs\":{\"params\":{\"server\":{\"insecure\":true}}},\"server\":{\"service\":{\"type\":\"ClusterIP\"}}}",
                "version": "9.2.4"
              }
            ],
            "name": "argocd",
            "namespace": "argocd",
            "pass_credentials": false,
            "postrender": [],
            "recreate_pods": false,
            "render_subchart_notes": true,
            "replace": false,
            "repository": "https://argoproj.github.io/argo-helm",
            "repository_ca_file": null,
            "repository_cert_file": null,
            "repository_key_file": null,
            "repository_password": null,
            "repository_username": null,
            "reset_values": false,
            "reuse_values": false,
            "set": [
              {
                "name": "configs.params.server.insecure",
                "type": "",
                "value": "true"
              },
              {
                "name": "server.service.type",
                "type": "",
                "value": "ClusterIP"
              }
            ],
            "set_list": [],
            "set_sensitive": [],
            "skip_crds": false,
            "status": "deployed",
            "timeout": 600,
            "upgrade_install": null,
            "values": null,
            "verify": false,
            "version": "9.2.4",
            "wait": false,
            "wait_for_jobs": false
          },
          "sensitive_attributes": [
            [
              {
                "type": "get_attr",
                "value": "repository_password"
              }
            ]
          ],
          "private": "eyJzY2hlbWFfdmVyc2lvbiI6IjEifQ==",
          "dependencies": [
            "data.terraform_remote_state.infra"
          ]
        }
      ]
    },
    {
      "mode": "managed",
      "type": "helm_release",
      "name": "karpenter",
      "provider": "provider[\"registry.terraform.io/hashicorp/helm\"]",
      "instances": [
        {
          "schema_version": 1,
          "attributes": {
            "atomic": false,
            "chart": "karpenter",
            "cleanup_on_fail": false,
            "create_namespace": true,
            "dependency_update": false,
            "description": null,
            "devel": null,
            "disable_crd_hooks": false,
            "disable_openapi_validation": false,
            "disable_webhooks": false,
            "force_update": false,
            "id": "karpenter",
            "keyring": null,
            "lint": false,
            "manifest": null,
            "max_history": 0,
            "metadata": [
              {
                "app_version": "0.37.7",
                "chart": "karpenter",
                "first_deployed": 1768142977,
                "last_deployed": 1768142977,
                "name": "karpenter",
                "namespace": "karpenter",
                "notes": "",
                "revision": 1,
                "values": "{\"controller\":{\"env\":[{\"name\":\"CLUSTER_NAME\",\"value\":\"eks-karpenter-demo\"},{\"name\":\"CLUSTER_ENDPOINT\",\"value\":\"https://15EF8B87C1A1AAEF460C177B948E5D89.gr7.us-east-1.eks.amazonaws.com\"}]},\"logLevel\":\"info\",\"serviceAccount\":{\"annotations\":{\"eks.amazonaws.com/role-arn\":\"arn:aws:iam::840489313276:role/eks-karpenter-demo-karpenter-controller\"},\"create\":true,\"name\":\"karpenter\"},\"settings\":{\"aws\":{\"interruptionQueue\":\"karpenter-eks-karpenter-demo\"}}}",
                "version": "0.37.7"
              }
            ],
            "name": "karpenter",
            "namespace": "karpenter",
            "pass_credentials": false,
            "postrender": [],
            "recreate_pods": false,
            "render_subchart_notes": true,
            "replace": false,
            "repository": "oci://public.ecr.aws/karpenter",
            "repository_ca_file": null,
            "repository_cert_file": null,
            "repository_key_file": null,
            "repository_password": null,
            "repository_username": null,
            "reset_values": false,
            "reuse_values": false,
            "set": [
              {
                "name": "controller.env[0].name",
                "type": "",
                "value": "CLUSTER_NAME"
              },
              {
                "name": "controller.env[0].value",
                "type": "",
                "value": "eks-karpenter-demo"
              },
              {
                "name": "controller.env[1].name",
                "type": "",
                "value": "CLUSTER_ENDPOINT"
              },
              {
                "name": "controller.env[1].value",
                "type": "",
                "value": "https://15EF8B87C1A1AAEF460C177B948E5D89.gr7.us-east-1.eks.amazonaws.com"
              },
              {
                "name": "logLevel",
                "type": "",
                "value": "info"
              },
              {
                "name": "serviceAccount.annotations.eks\\.amazonaws\\.com/role-arn",
                "type": "",
                "value": "arn:aws:iam::840489313276:role/eks-karpenter-demo-karpenter-controller"
              },
              {
                "name": "serviceAccount.create",
                "type": "",
                "value": "true"
              },
              {
                "name": "serviceAccount.name",
                "type": "",
                "value": "karpenter"
              },
              {
                "name": "settings.aws.interruptionQueue",
                "type": "",
                "value": "karpenter-eks-karpenter-demo"
              }
            ],
            "set_list": [],
            "set_sensitive": [],
            "skip_crds": false,
            "status": "deployed",
            "timeout": 900,
            "upgrade_install": null,
            "values": null,
            "verify": false,
            "version": "0.37.7",
            "wait": true,
            "wait_for_jobs": false
          },
          "sensitive_attributes": [
            [
              {
                "type": "get_attr",
                "value": "repository_password"
              }
            ]
          ],
          "private": "eyJzY2hlbWFfdmVyc2lvbiI6IjEifQ==",
          "dependencies": [
            "data.terraform_remote_state.infra"
          ]
        }
      ]
    }
  ],
  "check_results": null
}
